
Microsoft Visual Studio Solution File, Format Version 12.00
# Visual Studio Version 17
VisualStudioVersion = 17.1.32421.90
MinimumVisualStudioVersion = 10.0.40219.1
Project("{FAE04EC0-301F-11D3-BF4B-00C04F79EFBC}") = "PremiumBonusRide5", "PremiumBonusRide5.csproj", "{72E9019B-CBE2-49BC-8ADB-2AAD5668130C}"
EndProject
Project("{FAE04EC0-301F-11D3-BF4B-00C04F79EFBC}") = "TestProjectPreRide", "TestProjectPreRide\TestProjectPreRide.csproj", "{06BE8CAA-0E6F-40FB-9175-3CCB9DD39BB2}"
EndProject
Global
	GlobalSection(SolutionConfigurationPlatforms) = preSolution
		Debug|Any CPU = Debug|Any CPU
		Release|Any CPU = Release|Any CPU
	EndGlobalSection
	GlobalSection(ProjectConfigurationPlatforms) = postSolution
		{72E9019B-CBE2-49BC-8ADB-2AAD5668130C}.Debug|Any CPU.ActiveCfg = Debug|Any CPU
		{72E9019B-CBE2-49BC-8ADB-2AAD5668130C}.Debug|Any CPU.Build.0 = Debug|Any CPU
		{72E9019B-CBE2-49BC-8ADB-2AAD5668130C}.Release|Any CPU.ActiveCfg = Release|Any CPU
		{72E9019B-CBE2-49BC-8ADB-2AAD5668130C}.Release|Any CPU.Build.0 = Release|Any CPU
		{06BE8CAA-0E6F-40FB-9175-3CCB9DD39BB2}.Debug|Any CPU.ActiveCfg = Debug|Any CPU
		{06BE8CAA-0E6F-40FB-9175-3CCB9DD39BB2}.Debug|Any CPU.Build.0 = Debug|Any CPU
		{06BE8CAA-0E6F-40FB-9175-3CCB9DD39BB2}.Release|Any CPU.ActiveCfg = Release|Any CPU
		{06BE8CAA-0E6F-40FB-9175-3CCB9DD39BB2}.Release|Any CPU.Build.0 = Release|Any CPU
	EndGlobalSection
	GlobalSection(SolutionProperties) = preSolution
		HideSolutionNode = FALSE
	EndGlobalSection
	GlobalSection(ExtensibilityGlobals) = postSolution
		SolutionGuid = {4EAC3064-C38F-4899-9340-9634B02480D0}
	EndGlobalSection
EndGlobal
